{
    "_readme": [
        "This file locks the dependencies of your project to a known state",
        "Read more about it at https://getcomposer.org/doc/01-basic-usage.md#installing-dependencies",
        "This file is @generated automatically"
    ],
    "content-hash": "12ad89de4ad4419842329395160d55cf",
    "packages": [
        {
            "name": "meyfa/php-svg",
            "version": "dev-main",
            "source": {
                "type": "git",
                "url": "https://github.com/meyfa/php-svg.git",
                "reference": "c9a920c6cfc8348ada09e227aad7bb32cfc6a858"
            },
            "dist": {
                "type": "zip",
                "url": "https://api.github.com/repos/meyfa/php-svg/zipball/c9a920c6cfc8348ada09e227aad7bb32cfc6a858",
                "reference": "c9a920c6cfc8348ada09e227aad7bb32cfc6a858",
                "shasum": ""
            },
            "require": {
                "php": ">=5.3.3"
            },
            "require-dev": {
                "meyfa/phpunit-assert-gd": "^1.1",
                "phpmd/phpmd": "@stable",
                "phpunit/phpunit": "^4.8"
            },
            "suggest": {
                "ext-gd": "Needed to rasterize images",
                "ext-simplexml": "Needed to read SVG strings and files"
            },
            "default-branch": true,
            "type": "library",
            "autoload": {
                "psr-4": {
                    "SVG\\": "src/"
                }
            },
            "notification-url": "https://packagist.org/downloads/",
            "license": [
                "MIT"
            ],
            "authors": [
                {
                    "name": "Fabian Meyer",
                    "homepage": "http://meyfa.net"
                }
            ],
            "description": "Read, edit, write, and render SVG files with PHP",
            "homepage": "https://github.com/meyfa/php-svg",
            "keywords": [
                "svg"
            ],
            "support": {
                "issues": "https://github.com/meyfa/php-svg/issues",
                "source": "https://github.com/meyfa/php-svg/tree/main"
            },
            "time": "2021-06-12T11:34:21+00:00"
        }
    ],
    "packages-dev": [],
    "aliases": [],
    "minimum-stability": "dev",
    "stability-flags": {
        "meyfa/php-svg": 20
    },
    "prefer-stable": false,
    "prefer-lowest": false,
    "platform": [],
    "platform-dev": [],
    "plugin-api-version": "2.0.0"
}
